PODS:
  - OpenCV (3.1.0.1)
  - TesseractOCRiOS (3.4.0)

DEPENDENCIES:
  - OpenCV (~> 3.1.0.1)
  - TesseractOCRiOS (~> 3.03)

SPEC REPOS:
  https://github.com/cocoapods/specs.git:
    - OpenCV
    - TesseractOCRiOS

SPEC CHECKSUMS:
  OpenCV: 41c4250e2b06a394d6fbb634b5fa622cdd846018
  TesseractOCRiOS: cd79d4ce9d4c0f1e2776db8820cf8239e5569592

PODFILE CHECKSUM: 0a271518ffe194fbf1497be61d8889882470ffea

COCOAPODS: 1.5.3
